// !$*UTF8*$!
{
	archiveVersion = 1;
	classes = {
	};
	objectVersion = 46;
	objects = {

/* Begin PBXBuildFile section */
		285592CC1ADC7078002806F5 /* main.m in Sources */ = {isa = PBXBuildFile; fileRef = 285592CB1ADC7078002806F5 /* main.m */; };
		285592CF1ADC7078002806F5 /* AppDelegate.m in Sources */ = {isa = PBXBuildFile; fileRef = 285592CE1ADC7078002806F5 /* AppDelegate.m */; };
		285592D21ADC7078002806F5 /* ViewController.m in Sources */ = {isa = PBXBuildFile; fileRef = 285592D11ADC7078002806F5 /* ViewController.m */; };
		285592D51ADC7078002806F5 /* Main.storyboard in Resources */ = {isa = PBXBuildFile; fileRef = 285592D31ADC7078002806F5 /* Main.storyboard */; };
		285592D71ADC7078002806F5 /* Images.xcassets in Resources */ = {isa = PBXBuildFile; fileRef = 285592D61ADC7078002806F5 /* Images.xcassets */; };
		285592DA1ADC7078002806F5 /* LaunchScreen.xib in Resources */ = {isa = PBXBuildFile; fileRef = 285592D81ADC7078002806F5 /* LaunchScreen.xib */; };
		285592E61ADC7078002806F5 /* CustomTableTests.m in Sources */ = {isa = PBXBuildFile; fileRef = 285592E51ADC7078002806F5 /* CustomTableTests.m */; };
/* End PBXBuildFile section */

/* Begin PBXContainerItemProxy section */
		285592E01ADC7078002806F5 /* PBXContainerItemProxy */ = {
			isa = PBXContainerItemProxy;
			containerPortal = 285592BE1ADC7078002806F5 /* Project object */;
			proxyType = 1;
			remoteGlobalIDString = 285592C51ADC7078002806F5;
			remoteInfo = CustomTable;
		};
/* End PBXContainerItemProxy section */

/* Begin PBXFileReference section */
		285592C61ADC7078002806F5 /* CustomTable.app */ = {isa = PBXFileReference; explicitFileType = wrapper.application; includeInIndex = 0; path = CustomTable.app; sourceTree = BUILT_PRODUCTS_DIR; };
		285592CA1ADC7078002806F5 /* Info.plist */ = {isa = PBXFileReference; lastKnownFileType = text.plist.xml; path = Info.plist; sourceTree = "<group>"; };
		285592CB1ADC7078002806F5 /* main.m */ = {isa = PBXFileReference; lastKnownFileType = sourcecode.c.objc; path = main.m; sourceTree = "<group>"; };
		285592CD1ADC7078002806F5 /* AppDelegate.h */ = {isa = PBXFileReference; lastKnownFileType = sourcecode.c.h; path = AppDelegate.h; sourceTree = "<group>"; };
		285592CE1ADC7078002806F5 /* AppDelegate.m */ = {isa = PBXFileReference; lastKnownFileType = sourcecode.c.objc; path = AppDelegate.m; sourceTree = "<group>"; };
		285592D01ADC7078002806F5 /* ViewController.h */ = {isa = PBXFileReference; lastKnownFileType = sourcecode.c.h; path = ViewController.h; sourceTree = "<group>"; };
		285592D11ADC7078002806F5 /* ViewController.m */ = {isa = PBXFileReference; lastKnownFileType = sourcecode.c.objc; path = ViewController.m; sourceTree = "<group>"; };
		285592D41ADC7078002806F5 /* Base */ = {isa = PBXFileReference; lastKnownFileType = file.storyboard; name = Base; path = Base.lproj/Main.storyboard; sourceTree = "<group>"; };
		285592D61ADC7078002806F5 /* Images.xcassets */ = {isa = PBXFileReference; lastKnownFileType = folder.assetcatalog; path = Images.xcassets; sourceTree = "<group>"; };
		285592D91ADC7078002806F5 /* Base */ = {isa = PBXFileReference; lastKnownFileType = file.xib; name = Base; path = Base.lproj/LaunchScreen.xib; sourceTree = "<group>"; };
		285592DF1ADC7078002806F5 /* CustomTableTests.xctest */ = {isa = PBXFileReference; explicitFileType = wrapper.cfbundle; includeInIndex = 0; path = CustomTableTests.xctest; sourceTree = BUILT_PRODUCTS_DIR; };
		285592E41ADC7078002806F5 /* Info.plist */ = {isa = PBXFileReference; lastKnownFileType = text.plist.xml; path = Info.plist; sourceTree = "<group>"; };
		285592E51ADC7078002806F5 /* CustomTableTests.m */ = {isa = PBXFileReference; lastKnownFileType = sourcecode.c.objc; path = CustomTableTests.m; sourceTree = "<group>"; };
/* End PBXFileReference section */

/* Begin PBXFrameworksBuildPhase section */
		285592C31ADC7078002806F5 /* Frameworks */ = {
			isa = PBXFrameworksBuildPhase;
			buildActionMask = 2147483647;
			files = (
			);
			runOnlyForDeploymentPostprocessing = 0;
		};
		285592DC1ADC7078002806F5 /* Frameworks */ = {
			isa = PBXFrameworksBuildPhase;
			buildActionMask = 2147483647;
			files = (
			);
			runOnlyForDeploymentPostprocessing = 0;
		};
/* End PBXFrameworksBuildPhase section */

/* Begin PBXGroup section */
		285592BD1ADC7078002806F5 = {
			isa = PBXGroup;
			children = (
				285592C81ADC7078002806F5 /* CustomTable */,
				285592E21ADC7078002806F5 /* CustomTableTests */,
				285592C71ADC7078002806F5 /* Products */,
			);
			sourceTree = "<group>";
		};
		285592C71ADC7078002806F5 /* Products */ = {
			isa = PBXGroup;
			children = (
				285592C61ADC7078002806F5 /* CustomTable.app */,
				285592DF1ADC7078002806F5 /* CustomTableTests.xctest */,
			);
			name = Products;
			sourceTree = "<group>";
		};
		285592C81ADC7078002806F5 /* CustomTable */ = {
			isa = PBXGroup;
			children = (
				285592CD1ADC7078002806F5 /* AppDelegate.h */,
				285592CE1ADC7078002806F5 /* AppDelegate.m */,
				285592D01ADC7078002806F5 /* ViewController.h */,
				285592D11ADC7078002806F5 /* ViewController.m */,
				285592D31ADC7078002806F5 /* Main.storyboard */,
				285592D61ADC7078002806F5 /* Images.xcassets */,
				285592D81ADC7078002806F5 /* LaunchScreen.xib */,
				285592C91ADC7078002806F5 /* Supporting Files */,
			);
			path = CustomTable;
			sourceTree = "<group>";
		};
		285592C91ADC7078002806F5 /* Supporting Files */ = {
			isa = PBXGroup;
			children = (
				285592CA1ADC7078002806F5 /* Info.plist */,
				285592CB1ADC7078002806F5 /* main.m */,
			);
			name = "Supporting Files";
			sourceTree = "<group>";
		};
		285592E21ADC7078002806F5 /* CustomTableTests */ = {
			isa = PBXGroup;
			children = (
				285592E51ADC7078002806F5 /* CustomTableTests.m */,
				285592E31ADC7078002806F5 /* Supporting Files */,
			);
			path = CustomTableTests;
			sourceTree = "<group>";
		};
		285592E31ADC7078002806F5 /* Supporting Files */ = {
			isa = PBXGroup;
			children = (
				285592E41ADC7078002806F5 /* Info.plist */,
			);
			name = "Supporting Files";
			sourceTree = "<group>";
		};
/* End PBXGroup section */

/* Begin PBXNativeTarget section */
		285592C51ADC7078002806F5 /* CustomTable */ = {
			isa = PBXNativeTarget;
			buildConfigurationList = 285592E91ADC7078002806F5 /* Build configuration list for PBXNativeTarget "CustomTable" */;
			buildPhases = (
				285592C21ADC7078002806F5 /* Sources */,
				285592C31ADC7078002806F5 /* Frameworks */,
				285592C41ADC7078002806F5 /* Resources */,
			);
			buildRules = (
			);
			dependencies = (
			);
			name = CustomTable;
			productName = CustomTable;
			productReference = 285592C61ADC7078002806F5 /* CustomTable.app */;
			productType = "com.apple.product-type.application";
		};
		285592DE1ADC7078002806F5 /* CustomTableTests */ = {
			isa = PBXNativeTarget;
			buildConfigurationList = 285592EC1ADC7078002806F5 /* Build configuration list for PBXNativeTarget "CustomTableTests" */;
			buildPhases = (
				285592DB1ADC7078002806F5 /* Sources */,
				285592DC1ADC7078002806F5 /* Frameworks */,
				285592DD1ADC7078002806F5 /* Resources */,
			);
			buildRules = (
			);
			dependencies = (
				285592E11ADC7078002806F5 /* PBXTargetDependency */,
			);
			name = CustomTableTests;
			productName = CustomTableTests;
			productReference = 285592DF1ADC7078002806F5 /* CustomTableTests.xctest */;
			productType = "com.apple.product-type.bundle.unit-test";
		};
/* End PBXNativeTarget section */

/* Begin PBXProject section */
		285592BE1ADC7078002806F5 /* Project object */ = {
			isa = PBXProject;
			attributes = {
				LastUpgradeCheck = 0620;
				ORGANIZATIONNAME = "Catherine Reyto";
				TargetAttributes = {
					285592C51ADC7078002806F5 = {
						CreatedOnToolsVersion = 6.2;
					};
					285592DE1ADC7078002806F5 = {
						CreatedOnToolsVersion = 6.2;
						TestTargetID = 285592C51ADC7078002806F5;
					};
				};
			};
			buildConfigurationList = 285592C11ADC7078002806F5 /* Build configuration list for PBXProject "CustomTable" */;
			compatibilityVersion = "Xcode 3.2";
			developmentRegion = English;
			hasScannedForEncodings = 0;
			knownRegions = (
				en,
				Base,
			);
			mainGroup = 285592BD1ADC7078002806F5;
			productRefGroup = 285592C71ADC7078002806F5 /* Products */;
			projectDirPath = "";
			projectRoot = "";
			targets = (
				285592C51ADC7078002806F5 /* CustomTable */,
				285592DE1ADC7078002806F5 /* CustomTableTests */,
			);
		};
/* End PBXProject section */

/* Begin PBXResourcesBuildPhase section */
		285592C41ADC7078002806F5 /* Resources */ = {
			isa = PBXResourcesBuildPhase;
			buildActionMask = 2147483647;
			files = (
				285592D51ADC7078002806F5 /* Main.storyboard in Resources */,
				285592DA1ADC7078002806F5 /* LaunchScreen.xib in Resources */,
				285592D71ADC7078002806F5 /* Images.xcassets in Resources */,
			);
			runOnlyForDeploymentPostprocessing = 0;
		};
		285592DD1ADC7078002806F5 /* Resources */ = {
			isa = PBXResourcesBuildPhase;
			buildActionMask = 2147483647;
			files = (
			);
			runOnlyForDeploymentPostprocessing = 0;
		};
/* End PBXResourcesBuildPhase section */

/* Begin PBXSourcesBuildPhase section */
		285592C21ADC7078002806F5 /* Sources */ = {
			isa = PBXSourcesBuildPhase;
			buildActionMask = 2147483647;
			files = (
				285592D21ADC7078002806F5 /* ViewController.m in Sources */,
				285592CF1ADC7078002806F5 /* AppDelegate.m in Sources */,
				285592CC1ADC7078002806F5 /* main.m in Sources */,
			);
			runOnlyForDeploymentPostprocessing = 0;
		};
		285592DB1ADC7078002806F5 /* Sources */ = {
			isa = PBXSourcesBuildPhase;
			buildActionMask = 2147483647;
			files = (
				285592E61ADC7078002806F5 /* CustomTableTests.m in Sources */,
			);
			runOnlyForDeploymentPostprocessing = 0;
		};
/* End PBXSourcesBuildPhase section */

/* Begin PBXTargetDependency section */
		285592E11ADC7078002806F5 /* PBXTargetDependency */ = {
			isa = PBXTargetDependency;
			target = 285592C51ADC7078002806F5 /* CustomTable */;
			targetProxy = 285592E01ADC7078002806F5 /* PBXContainerItemProxy */;
		};
/* End PBXTargetDependency section */

/* Begin PBXVariantGroup section */
		285592D31ADC7078002806F5 /* Main.storyboard */ = {
			isa = PBXVariantGroup;
			children = (
				285592D41ADC7078002806F5 /* Base */,
			);
			name = Main.storyboard;
			sourceTree = "<group>";
		};
		285592D81ADC7078002806F5 /* LaunchScreen.xib */ = {
			isa = PBXVariantGroup;
			children = (
				285592D91ADC7078002806F5 /* Base */,
			);
			name = LaunchScreen.xib;
			sourceTree = "<group>";
		};
/* End PBXVariantGroup section */

/* Begin XCBuildConfiguration section */
		285592E71ADC7078002806F5 /* Debug */ = {
			isa = XCBuildConfiguration;
			buildSettings = {
				ALWAYS_SEARCH_USER_PATHS = NO;
				CLANG_CXX_LANGUAGE_STANDARD = "gnu++0x";
				CLANG_CXX_LIBRARY = "libc++";
				CLANG_ENABLE_MODULES = YES;
				CLANG_ENABLE_OBJC_ARC = YES;
				CLANG_WARN_BOOL_CONVERSION = YES;
				CLANG_WARN_CONSTANT_CONVERSION = YES;
				CLANG_WARN_DIRECT_OBJC_ISA_USAGE = YES_ERROR;
				CLANG_WARN_EMPTY_BODY = YES;
				CLANG_WARN_ENUM_CONVERSION = YES;
				CLANG_WARN_INT_CONVERSION = YES;
				CLANG_WARN_OBJC_ROOT_CLASS = YES_ERROR;
				CLANG_WARN_UNREACHABLE_CODE = YES;
				CLANG_WARN__DUPLICATE_METHOD_MATCH = YES;
				"CODE_SIGN_IDENTITY[sdk=iphoneos*]" = "iPhone Developer";
				COPY_PHASE_STRIP = NO;
				ENABLE_STRICT_OBJC_MSGSEND = YES;
				GCC_C_LANGUAGE_STANDARD = gnu99;
				GCC_DYNAMIC_NO_PIC = NO;
				GCC_OPTIMIZATION_LEVEL = 0;
				GCC_PREPROCESSOR_DEFINITIONS = (
					"DEBUG=1",
					"$(inherited)",
				);
				GCC_SYMBOLS_PRIVATE_EXTERN = NO;
				GCC_WARN_64_TO_32_BIT_CONVERSION = YES;
				GCC_WARN_ABOUT_RETURN_TYPE = YES_ERROR;
				GCC_WARN_UNDECLARED_SELECTOR = YES;
				GCC_WARN_UNINITIALIZED_AUTOS = YES_AGGRESSIVE;
				GCC_WARN_UNUSED_FUNCTION = YES;
				GCC_WARN_UNUSED_VARIABLE = YES;
				IPHONEOS_DEPLOYMENT_TARGET = 8.2;
				MTL_ENABLE_DEBUG_INFO = YES;
				ONLY_ACTIVE_ARCH = YES;
				SDKROOT = iphoneos;
			};
			name = Debug;
		};
		285592E81ADC7078002806F5 /* Release */ = {
			isa = XCBuildConfiguration;
			buildSettings = {
				ALWAYS_SEARCH_USER_PATHS = NO;
				CLANG_CXX_LANGUAGE_STANDARD = "gnu++0x";
				CLANG_CXX_LIBRARY = "libc++";
				CLANG_ENABLE_MODULES = YES;
				CLANG_ENABLE_OBJC_ARC = YES;
				CLANG_WARN_BOOL_CONVERSION = YES;
				CLANG_WARN_CONSTANT_CONVERSION = YES;
				CLANG_WARN_DIRECT_OBJC_ISA_USAGE = YES_ERROR;
				CLANG_WARN_EMPTY_BODY = YES;
				CLANG_WARN_ENUM_CONVERSION = YES;
				CLANG_WARN_INT_CONVERSION = YES;
				CLANG_WARN_OBJC_ROOT_CLASS = YES_ERROR;
				CLANG_WARN_UNREACHABLE_CODE = YES;
				CLANG_WARN__DUPLICATE_METHOD_MATCH = YES;
				"CODE_SIGN_IDENTITY[sdk=iphoneos*]" = "iPhone Developer";
				COPY_PHASE_STRIP = NO;
				ENABLE_NS_ASSERTIONS = NO;
				ENABLE_STRICT_OBJC_MSGSEND = YES;
				GCC_C_LANGUAGE_STANDARD = gnu99;
				GCC_WARN_64_TO_32_BIT_CONVERSION = YES;
				GCC_WARN_ABOUT_RETURN_TYPE = YES_ERROR;
				GCC_WARN_UNDECLARED_SELECTOR = YES;
				GCC_WARN_UNINITIALIZED_AUTOS = YES_AGGRESSIVE;
				GCC_WARN_UNUSED_FUNCTION = YES;
				GCC_WARN_UNUSED_VARIABLE = YES;
				IPHONEOS_DEPLOYMENT_TARGET = 8.2;
				MTL_ENABLE_DEBUG_INFO = NO;
				SDKROOT = iphoneos;
				VALIDATE_PRODUCT = YES;
			};
			name = Release;
		};
		285592EA1ADC7078002806F5 /* Debug */ = {
			isa = XCBuildConfiguration;
			buildSettings = {
				ASSETCATALOG_COMPILER_APPICON_NAME = AppIcon;
				INFOPLIST_FILE = CustomTable/Info.plist;
				LD_RUNPATH_SEARCH_PATHS = "$(inherited) @executable_path/Frameworks";
				PRODUCT_NAME = "$(TARGET_NAME)";
			};
			name = Debug;
		};
		285592EB1ADC7078002806F5 /* Release */ = {
			isa = XCBuildConfiguration;
			buildSettings = {
				ASSETCATALOG_COMPILER_APPICON_NAME = AppIcon;
				INFOPLIST_FILE = CustomTable/Info.plist;
				LD_RUNPATH_SEARCH_PATHS = "$(inherited) @executable_path/Frameworks";
				PRODUCT_NAME = "$(TARGET_NAME)";
			};
			name = Release;
		};
		285592ED1ADC7078002806F5 /* Debug */ = {
			isa = XCBuildConfiguration;
			buildSettings = {
				BUNDLE_LOADER = "$(TEST_HOST)";
				FRAMEWORK_SEARCH_PATHS = (
					"$(SDKROOT)/Developer/Library/Frameworks",
					"$(inherited)",
				);
				GCC_PREPROCESSOR_DEFINITIONS = (
					"DEBUG=1",
					"$(inherited)",
				);
				INFOPLIST_FILE = CustomTableTests/Info.plist;
				LD_RUNPATH_SEARCH_PATHS = "$(inherited) @executable_path/Frameworks @loader_path/Frameworks";
				PRODUCT_NAME = "$(TARGET_NAME)";
				TEST_HOST = "$(BUILT_PRODUCTS_DIR)/CustomTable.app/CustomTable";
			};
			name = Debug;
		};
		285592EE1ADC7078002806F5 /* Release */ = {
			isa = XCBuildConfiguration;
			buildSettings = {
				BUNDLE_LOADER = "$(TEST_HOST)";
				FRAMEWORK_SEARCH_PATHS = (
					"$(SDKROOT)/Developer/Library/Frameworks",
					"$(inherited)",
				);
				INFOPLIST_FILE = CustomTableTests/Info.plist;
				LD_RUNPATH_SEARCH_PATHS = "$(inherited) @executable_path/Frameworks @loader_path/Frameworks";
				PRODUCT_NAME = "$(TARGET_NAME)";
				TEST_HOST = "$(BUILT_PRODUCTS_DIR)/CustomTable.app/CustomTable";
			};
			name = Release;
		};
/* End XCBuildConfiguration section */

/* Begin XCConfigurationList section */
		285592C11ADC7078002806F5 /* Build configuration list for PBXProject "CustomTable" */ = {
			isa = XCConfigurationList;
			buildConfigurations = (
				285592E71ADC7078002806F5 /* Debug */,
				285592E81ADC7078002806F5 /* Release */,
			);
			defaultConfigurationIsVisible = 0;
			defaultConfigurationName = Release;
		};
		285592E91ADC7078002806F5 /* Build configuration list for PBXNativeTarget "CustomTable" */ = {
			isa = XCConfigurationList;
			buildConfigurations = (
				285592EA1ADC7078002806F5 /* Debug */,
				285592EB1ADC7078002806F5 /* Release */,
			);
			defaultConfigurationIsVisible = 0;
		};
		285592EC1ADC7078002806F5 /* Build configuration list for PBXNativeTarget "CustomTableTests" */ = {
			isa = XCConfigurationList;
			buildConfigurations = (
				285592ED1ADC7078002806F5 /* Debug */,
				285592EE1ADC7078002806F5 /* Release */,
			);
			defaultConfigurationIsVisible = 0;
		};
/* End XCConfigurationList section */
	};
	rootObject = 285592BE1ADC7078002806F5 /* Project object */;
}
